
Microsoft Visual Studio Solution File, Format Version 12.00
# Visual Studio Version 17
VisualStudioVersion = 17.12.35514.174 d17.12
MinimumVisualStudioVersion = 10.0.40219.1
Project("{FAE04EC0-301F-11D3-BF4B-00C04F79EFBC}") = "MOAP_CLIENT_APP", "MOAP_CLIENT_APP.csproj", "{D42C65FC-4B04-402E-9201-70170CB5591F}"
EndProject
Global
	GlobalSection(SolutionConfigurationPlatforms) = preSolution
		Debug|Any CPU = Debug|Any CPU
		Release|Any CPU = Release|Any CPU
	EndGlobalSection
	GlobalSection(ProjectConfigurationPlatforms) = postSolution
		{D42C65FC-4B04-402E-9201-70170CB5591F}.Debug|Any CPU.ActiveCfg = Debug|Any CPU
		{D42C65FC-4B04-402E-9201-70170CB5591F}.Debug|Any CPU.Build.0 = Debug|Any CPU
		{D42C65FC-4B04-402E-9201-70170CB5591F}.Release|Any CPU.ActiveCfg = Release|Any CPU
		{D42C65FC-4B04-402E-9201-70170CB5591F}.Release|Any CPU.Build.0 = Release|Any CPU
	EndGlobalSection
	GlobalSection(SolutionProperties) = preSolution
		HideSolutionNode = FALSE
	EndGlobalSection
EndGlobal
